
Microsoft Visual Studio Solution File, Format Version 12.00
# Visual Studio 2013
VisualStudioVersion = 12.0.21005.1
MinimumVisualStudioVersion = 10.0.40219.1
Project("{FAE04EC0-301F-11D3-BF4B-00C04F79EFBC}") = "Problem 1. Permutations", "Problem 1. Permutations\Problem 1. Permutations.csproj", "{3CC6033A-E8BD-45A5-A3FD-2745A98F6E1A}"
EndProject
Project("{FAE04EC0-301F-11D3-BF4B-00C04F79EFBC}") = "Problem 2. Permutations Iteratively", "Problem 2. Permutations Iteratively\Problem 2. Permutations Iteratively.csproj", "{10D18FBB-660E-4F00-B2A6-ECA85CE392BB}"
EndProject
Project("{FAE04EC0-301F-11D3-BF4B-00C04F79EFBC}") = "Problem 3. Combinations Iteratively", "Problem 3. Combinations Iteratively\Problem 3. Combinations Iteratively.csproj", "{DABFE41F-7EC9-4A50-9C3B-994A9814681E}"
EndProject
Project("{FAE04EC0-301F-11D3-BF4B-00C04F79EFBC}") = "Problem 4. Subsets of String Array", "Problem 4. Subsets of String Array\Problem 4. Subsets of String Array.csproj", "{09509935-311A-498D-ACF5-6BE47BDD09C6}"
EndProject
Project("{FAE04EC0-301F-11D3-BF4B-00C04F79EFBC}") = "Problem 5. Permutations with Repetition", "Problem 5. Permutations with Repetition\Problem 5. Permutations with Repetition.csproj", "{AA451265-93FE-4248-81F8-9199B840F7A2}"
EndProject
Global
	GlobalSection(SolutionConfigurationPlatforms) = preSolution
		Debug|Any CPU = Debug|Any CPU
		Release|Any CPU = Release|Any CPU
	EndGlobalSection
	GlobalSection(ProjectConfigurationPlatforms) = postSolution
		{3CC6033A-E8BD-45A5-A3FD-2745A98F6E1A}.Debug|Any CPU.ActiveCfg = Debug|Any CPU
		{3CC6033A-E8BD-45A5-A3FD-2745A98F6E1A}.Debug|Any CPU.Build.0 = Debug|Any CPU
		{3CC6033A-E8BD-45A5-A3FD-2745A98F6E1A}.Release|Any CPU.ActiveCfg = Release|Any CPU
		{3CC6033A-E8BD-45A5-A3FD-2745A98F6E1A}.Release|Any CPU.Build.0 = Release|Any CPU
		{10D18FBB-660E-4F00-B2A6-ECA85CE392BB}.Debug|Any CPU.ActiveCfg = Debug|Any CPU
		{10D18FBB-660E-4F00-B2A6-ECA85CE392BB}.Debug|Any CPU.Build.0 = Debug|Any CPU
		{10D18FBB-660E-4F00-B2A6-ECA85CE392BB}.Release|Any CPU.ActiveCfg = Release|Any CPU
		{10D18FBB-660E-4F00-B2A6-ECA85CE392BB}.Release|Any CPU.Build.0 = Release|Any CPU
		{DABFE41F-7EC9-4A50-9C3B-994A9814681E}.Debug|Any CPU.ActiveCfg = Debug|Any CPU
		{DABFE41F-7EC9-4A50-9C3B-994A9814681E}.Debug|Any CPU.Build.0 = Debug|Any CPU
		{DABFE41F-7EC9-4A50-9C3B-994A9814681E}.Release|Any CPU.ActiveCfg = Release|Any CPU
		{DABFE41F-7EC9-4A50-9C3B-994A9814681E}.Release|Any CPU.Build.0 = Release|Any CPU
		{09509935-311A-498D-ACF5-6BE47BDD09C6}.Debug|Any CPU.ActiveCfg = Debug|Any CPU
		{09509935-311A-498D-ACF5-6BE47BDD09C6}.Debug|Any CPU.Build.0 = Debug|Any CPU
		{09509935-311A-498D-ACF5-6BE47BDD09C6}.Release|Any CPU.ActiveCfg = Release|Any CPU
		{09509935-311A-498D-ACF5-6BE47BDD09C6}.Release|Any CPU.Build.0 = Release|Any CPU
		{AA451265-93FE-4248-81F8-9199B840F7A2}.Debug|Any CPU.ActiveCfg = Debug|Any CPU
		{AA451265-93FE-4248-81F8-9199B840F7A2}.Debug|Any CPU.Build.0 = Debug|Any CPU
		{AA451265-93FE-4248-81F8-9199B840F7A2}.Release|Any CPU.ActiveCfg = Release|Any CPU
		{AA451265-93FE-4248-81F8-9199B840F7A2}.Release|Any CPU.Build.0 = Release|Any CPU
	EndGlobalSection
	GlobalSection(SolutionProperties) = preSolution
		HideSolutionNode = FALSE
	EndGlobalSection
EndGlobal
