
Microsoft Visual Studio Solution File, Format Version 12.00
# Visual Studio 2013
VisualStudioVersion = 12.0.21005.1
MinimumVisualStudioVersion = 10.0.40219.1
Project("{FAE04EC0-301F-11D3-BF4B-00C04F79EFBC}") = "Problem 1. Students and Courses", "Problem 1. Students and Courses\Problem 1. Students and Courses.csproj", "{21F8BCDD-CB95-49B0-949B-34B30CCDBA6A}"
EndProject
Project("{FAE04EC0-301F-11D3-BF4B-00C04F79EFBC}") = "Problem 2. Implement BiDictionary", "Problem 2. Implement BiDictionary\Problem 2. Implement BiDictionary.csproj", "{D3F9F8CA-44D5-4508-AA1F-6819587AD731}"
EndProject
Project("{FAE04EC0-301F-11D3-BF4B-00C04F79EFBC}") = "Problem 3. Collection of Products", "Problem 3. Collection of Products\Problem 3. Collection of Products.csproj", "{C7A455B5-DA3D-4F20-8F3E-ECA8E7F5FF61}"
EndProject
Global
	GlobalSection(SolutionConfigurationPlatforms) = preSolution
		Debug|Any CPU = Debug|Any CPU
		Release|Any CPU = Release|Any CPU
	EndGlobalSection
	GlobalSection(ProjectConfigurationPlatforms) = postSolution
		{21F8BCDD-CB95-49B0-949B-34B30CCDBA6A}.Debug|Any CPU.ActiveCfg = Debug|Any CPU
		{21F8BCDD-CB95-49B0-949B-34B30CCDBA6A}.Debug|Any CPU.Build.0 = Debug|Any CPU
		{21F8BCDD-CB95-49B0-949B-34B30CCDBA6A}.Release|Any CPU.ActiveCfg = Release|Any CPU
		{21F8BCDD-CB95-49B0-949B-34B30CCDBA6A}.Release|Any CPU.Build.0 = Release|Any CPU
		{D3F9F8CA-44D5-4508-AA1F-6819587AD731}.Debug|Any CPU.ActiveCfg = Debug|Any CPU
		{D3F9F8CA-44D5-4508-AA1F-6819587AD731}.Debug|Any CPU.Build.0 = Debug|Any CPU
		{D3F9F8CA-44D5-4508-AA1F-6819587AD731}.Release|Any CPU.ActiveCfg = Release|Any CPU
		{D3F9F8CA-44D5-4508-AA1F-6819587AD731}.Release|Any CPU.Build.0 = Release|Any CPU
		{C7A455B5-DA3D-4F20-8F3E-ECA8E7F5FF61}.Debug|Any CPU.ActiveCfg = Debug|Any CPU
		{C7A455B5-DA3D-4F20-8F3E-ECA8E7F5FF61}.Debug|Any CPU.Build.0 = Debug|Any CPU
		{C7A455B5-DA3D-4F20-8F3E-ECA8E7F5FF61}.Release|Any CPU.ActiveCfg = Release|Any CPU
		{C7A455B5-DA3D-4F20-8F3E-ECA8E7F5FF61}.Release|Any CPU.Build.0 = Release|Any CPU
	EndGlobalSection
	GlobalSection(SolutionProperties) = preSolution
		HideSolutionNode = FALSE
	EndGlobalSection
EndGlobal
