
Microsoft Visual Studio Solution File, Format Version 12.00
# Visual Studio 15
VisualStudioVersion = 15.0.27004.2006
MinimumVisualStudioVersion = 10.0.40219.1
Project("{FAE04EC0-301F-11D3-BF4B-00C04F79EFBC}") = "P01_BillsPaymentSystem", "P01_BillsPaymentSystem\P01_BillsPaymentSystem.csproj", "{A64EEDB7-CB05-459A-8E42-8BFFF73C3B30}"
EndProject
Project("{FAE04EC0-301F-11D3-BF4B-00C04F79EFBC}") = "P01_BillsPaymentSystem.Data", "P01_BillsPaymentSystem.Data\P01_BillsPaymentSystem.Data.csproj", "{B46306ED-656F-443B-9058-1E7A9CDAA523}"
EndProject
Project("{FAE04EC0-301F-11D3-BF4B-00C04F79EFBC}") = "P01_BillsPaymentSystem.Data.Models", "P01_BillsPaymentSystem.Data.Models\P01_BillsPaymentSystem.Data.Models.csproj", "{3D99210A-B790-4D3C-BAF7-0F9ECF56C6A4}"
EndProject
Global
	GlobalSection(SolutionConfigurationPlatforms) = preSolution
		Debug|Any CPU = Debug|Any CPU
		Release|Any CPU = Release|Any CPU
	EndGlobalSection
	GlobalSection(ProjectConfigurationPlatforms) = postSolution
		{A64EEDB7-CB05-459A-8E42-8BFFF73C3B30}.Debug|Any CPU.ActiveCfg = Debug|Any CPU
		{A64EEDB7-CB05-459A-8E42-8BFFF73C3B30}.Debug|Any CPU.Build.0 = Debug|Any CPU
		{A64EEDB7-CB05-459A-8E42-8BFFF73C3B30}.Release|Any CPU.ActiveCfg = Release|Any CPU
		{A64EEDB7-CB05-459A-8E42-8BFFF73C3B30}.Release|Any CPU.Build.0 = Release|Any CPU
		{B46306ED-656F-443B-9058-1E7A9CDAA523}.Debug|Any CPU.ActiveCfg = Debug|Any CPU
		{B46306ED-656F-443B-9058-1E7A9CDAA523}.Debug|Any CPU.Build.0 = Debug|Any CPU
		{B46306ED-656F-443B-9058-1E7A9CDAA523}.Release|Any CPU.ActiveCfg = Release|Any CPU
		{B46306ED-656F-443B-9058-1E7A9CDAA523}.Release|Any CPU.Build.0 = Release|Any CPU
		{3D99210A-B790-4D3C-BAF7-0F9ECF56C6A4}.Debug|Any CPU.ActiveCfg = Debug|Any CPU
		{3D99210A-B790-4D3C-BAF7-0F9ECF56C6A4}.Debug|Any CPU.Build.0 = Debug|Any CPU
		{3D99210A-B790-4D3C-BAF7-0F9ECF56C6A4}.Release|Any CPU.ActiveCfg = Release|Any CPU
		{3D99210A-B790-4D3C-BAF7-0F9ECF56C6A4}.Release|Any CPU.Build.0 = Release|Any CPU
	EndGlobalSection
	GlobalSection(SolutionProperties) = preSolution
		HideSolutionNode = FALSE
	EndGlobalSection
	GlobalSection(ExtensibilityGlobals) = postSolution
		SolutionGuid = {73263400-BF7D-4E63-B971-D0240C478214}
	EndGlobalSection
EndGlobal
