
Microsoft Visual Studio Solution File, Format Version 12.00
# Visual Studio 15
VisualStudioVersion = 15.0.27004.2006
MinimumVisualStudioVersion = 10.0.40219.1
Project("{9A19103F-16F7-4668-BE54-9A1E7A4F7556}") = "01.HospitalDatabase", "01.  Hospital Database\01.HospitalDatabase.csproj", "{1D3201A4-04F7-46F1-875C-0E7ABCA5F9B9}"
EndProject
Project("{9A19103F-16F7-4668-BE54-9A1E7A4F7556}") = "P03_SalesDatabase", "P03_SalesDatabase\P03_SalesDatabase.csproj", "{6FD7F05B-FC9B-4CCD-84D9-5520A909E33B}"
EndProject
Global
	GlobalSection(SolutionConfigurationPlatforms) = preSolution
		Debug|Any CPU = Debug|Any CPU
		Release|Any CPU = Release|Any CPU
	EndGlobalSection
	GlobalSection(ProjectConfigurationPlatforms) = postSolution
		{1D3201A4-04F7-46F1-875C-0E7ABCA5F9B9}.Debug|Any CPU.ActiveCfg = Debug|Any CPU
		{1D3201A4-04F7-46F1-875C-0E7ABCA5F9B9}.Debug|Any CPU.Build.0 = Debug|Any CPU
		{1D3201A4-04F7-46F1-875C-0E7ABCA5F9B9}.Release|Any CPU.ActiveCfg = Release|Any CPU
		{1D3201A4-04F7-46F1-875C-0E7ABCA5F9B9}.Release|Any CPU.Build.0 = Release|Any CPU
		{6FD7F05B-FC9B-4CCD-84D9-5520A909E33B}.Debug|Any CPU.ActiveCfg = Debug|Any CPU
		{6FD7F05B-FC9B-4CCD-84D9-5520A909E33B}.Debug|Any CPU.Build.0 = Debug|Any CPU
		{6FD7F05B-FC9B-4CCD-84D9-5520A909E33B}.Release|Any CPU.ActiveCfg = Release|Any CPU
		{6FD7F05B-FC9B-4CCD-84D9-5520A909E33B}.Release|Any CPU.Build.0 = Release|Any CPU
	EndGlobalSection
	GlobalSection(SolutionProperties) = preSolution
		HideSolutionNode = FALSE
	EndGlobalSection
	GlobalSection(ExtensibilityGlobals) = postSolution
		SolutionGuid = {73263400-BF7D-4E63-B971-D0240C478214}
	EndGlobalSection
EndGlobal
